
Microsoft Visual Studio Solution File, Format Version 12.00
# Visual Studio Version 17
VisualStudioVersion = 17.9.34714.143
MinimumVisualStudioVersion = 10.0.40219.1
Project("{FAE04EC0-301F-11D3-BF4B-00C04F79EFBC}") = "Mission11_Hart", "Mission11_Hart.csproj", "{1C342C85-432B-4B89-A257-548A1CB2D750}"
EndProject
Global
	GlobalSection(SolutionConfigurationPlatforms) = preSolution
		Debug|Any CPU = Debug|Any CPU
		Release|Any CPU = Release|Any CPU
	EndGlobalSection
	GlobalSection(ProjectConfigurationPlatforms) = postSolution
		{1C342C85-432B-4B89-A257-548A1CB2D750}.Debug|Any CPU.ActiveCfg = Debug|Any CPU
		{1C342C85-432B-4B89-A257-548A1CB2D750}.Debug|Any CPU.Build.0 = Debug|Any CPU
		{1C342C85-432B-4B89-A257-548A1CB2D750}.Release|Any CPU.ActiveCfg = Release|Any CPU
		{1C342C85-432B-4B89-A257-548A1CB2D750}.Release|Any CPU.Build.0 = Release|Any CPU
	EndGlobalSection
	GlobalSection(SolutionProperties) = preSolution
		HideSolutionNode = FALSE
	EndGlobalSection
	GlobalSection(ExtensibilityGlobals) = postSolution
		SolutionGuid = {F1977BE3-3FDF-4069-88F4-702138927B68}
	EndGlobalSection
EndGlobal
